
Microsoft Visual Studio Solution File, Format Version 12.00
# Visual Studio Version 17
VisualStudioVersion = 17.4.33213.308
MinimumVisualStudioVersion = 10.0.40219.1
Project("{FAE04EC0-301F-11D3-BF4B-00C04F79EFBC}") = "NZWalks.API", "NZWalks.API\NZWalks.API.csproj", "{75D082BA-459C-4220-9DDC-EBB74D8DE70E}"
EndProject
Global
	GlobalSection(SolutionConfigurationPlatforms) = preSolution
		Debug|Any CPU = Debug|Any CPU
		Release|Any CPU = Release|Any CPU
	EndGlobalSection
	GlobalSection(ProjectConfigurationPlatforms) = postSolution
		{75D082BA-459C-4220-9DDC-EBB74D8DE70E}.Debug|Any CPU.ActiveCfg = Debug|Any CPU
		{75D082BA-459C-4220-9DDC-EBB74D8DE70E}.Debug|Any CPU.Build.0 = Debug|Any CPU
		{75D082BA-459C-4220-9DDC-EBB74D8DE70E}.Release|Any CPU.ActiveCfg = Release|Any CPU
		{75D082BA-459C-4220-9DDC-EBB74D8DE70E}.Release|Any CPU.Build.0 = Release|Any CPU
	EndGlobalSection
	GlobalSection(SolutionProperties) = preSolution
		HideSolutionNode = FALSE
	EndGlobalSection
	GlobalSection(ExtensibilityGlobals) = postSolution
		SolutionGuid = {1BC63C9E-5C51-4443-985D-23AE313E4112}
	EndGlobalSection
EndGlobal
